// !$*UTF8*$!
{
	archiveVersion = 1;
	classes = {
	};
	objectVersion = 46;
	objects = {

/* Begin PBXBuildFile section */
		A6E6982E1B822BEC003FE27B /* Test.m in Sources */ = {isa = PBXBuildFile; fileRef = A6E6982D1B822BEC003FE27B /* Test.m */; };
		A6E698321B822E39003FE27B /* TestCase.m in Sources */ = {isa = PBXBuildFile; fileRef = A6E698311B822E39003FE27B /* TestCase.m */; };
		A6E698381B837AC3003FE27B /* DemoViewController.m in Sources */ = {isa = PBXBuildFile; fileRef = A6E698371B837AC3003FE27B /* DemoViewController.m */; };
		A6F5662C1B7E339B000EBCB3 /* main.m in Sources */ = {isa = PBXBuildFile; fileRef = A6F5662B1B7E339B000EBCB3 /* main.m */; };
		A6F5662F1B7E339B000EBCB3 /* AppDelegate.m in Sources */ = {isa = PBXBuildFile; fileRef = A6F5662E1B7E339B000EBCB3 /* AppDelegate.m */; };
		A6F566321B7E339B000EBCB3 /* HelloXcode.xcdatamodeld in Sources */ = {isa = PBXBuildFile; fileRef = A6F566301B7E339B000EBCB3 /* HelloXcode.xcdatamodeld */; };
		A6F566351B7E339B000EBCB3 /* ViewController.m in Sources */ = {isa = PBXBuildFile; fileRef = A6F566341B7E339B000EBCB3 /* ViewController.m */; };
		A6F566381B7E339B000EBCB3 /* Main.storyboard in Resources */ = {isa = PBXBuildFile; fileRef = A6F566361B7E339B000EBCB3 /* Main.storyboard */; };
		A6F5663A1B7E339B000EBCB3 /* Images.xcassets in Resources */ = {isa = PBXBuildFile; fileRef = A6F566391B7E339B000EBCB3 /* Images.xcassets */; };
		A6F5663D1B7E339B000EBCB3 /* LaunchScreen.xib in Resources */ = {isa = PBXBuildFile; fileRef = A6F5663B1B7E339B000EBCB3 /* LaunchScreen.xib */; };
		A6F566491B7E339B000EBCB3 /* HelloXcodeTests.m in Sources */ = {isa = PBXBuildFile; fileRef = A6F566481B7E339B000EBCB3 /* HelloXcodeTests.m */; };
		A6F566551B7E3598000EBCB3 /* Circle.m in Sources */ = {isa = PBXBuildFile; fileRef = A6F566541B7E3598000EBCB3 /* Circle.m */; };
/* End PBXBuildFile section */

/* Begin PBXContainerItemProxy section */
		A6F566431B7E339B000EBCB3 /* PBXContainerItemProxy */ = {
			isa = PBXContainerItemProxy;
			containerPortal = A6F5661E1B7E339B000EBCB3 /* Project object */;
			proxyType = 1;
			remoteGlobalIDString = A6F566251B7E339B000EBCB3;
			remoteInfo = HelloXcode;
		};
/* End PBXContainerItemProxy section */

/* Begin PBXFileReference section */
		A6E6982C1B822BEC003FE27B /* Test.h */ = {isa = PBXFileReference; fileEncoding = 4; lastKnownFileType = sourcecode.c.h; path = Test.h; sourceTree = "<group>"; };
		A6E6982D1B822BEC003FE27B /* Test.m */ = {isa = PBXFileReference; fileEncoding = 4; lastKnownFileType = sourcecode.c.objc; path = Test.m; sourceTree = "<group>"; };
		A6E698311B822E39003FE27B /* TestCase.m */ = {isa = PBXFileReference; fileEncoding = 4; lastKnownFileType = sourcecode.c.objc; path = TestCase.m; sourceTree = "<group>"; };
		A6E698361B837AC3003FE27B /* DemoViewController.h */ = {isa = PBXFileReference; fileEncoding = 4; lastKnownFileType = sourcecode.c.h; path = DemoViewController.h; sourceTree = "<group>"; };
		A6E698371B837AC3003FE27B /* DemoViewController.m */ = {isa = PBXFileReference; fileEncoding = 4; lastKnownFileType = sourcecode.c.objc; path = DemoViewController.m; sourceTree = "<group>"; };
		A6F566261B7E339B000EBCB3 /* HelloXcode.app */ = {isa = PBXFileReference; explicitFileType = wrapper.application; includeInIndex = 0; path = HelloXcode.app; sourceTree = BUILT_PRODUCTS_DIR; };
		A6F5662A1B7E339B000EBCB3 /* Info.plist */ = {isa = PBXFileReference; lastKnownFileType = text.plist.xml; path = Info.plist; sourceTree = "<group>"; };
		A6F5662B1B7E339B000EBCB3 /* main.m */ = {isa = PBXFileReference; lastKnownFileType = sourcecode.c.objc; path = main.m; sourceTree = "<group>"; };
		A6F5662D1B7E339B000EBCB3 /* AppDelegate.h */ = {isa = PBXFileReference; lastKnownFileType = sourcecode.c.h; path = AppDelegate.h; sourceTree = "<group>"; };
		A6F5662E1B7E339B000EBCB3 /* AppDelegate.m */ = {isa = PBXFileReference; lastKnownFileType = sourcecode.c.objc; path = AppDelegate.m; sourceTree = "<group>"; };
		A6F566311B7E339B000EBCB3 /* HelloXcode.xcdatamodel */ = {isa = PBXFileReference; lastKnownFileType = wrapper.xcdatamodel; path = HelloXcode.xcdatamodel; sourceTree = "<group>"; };
		A6F566331B7E339B000EBCB3 /* ViewController.h */ = {isa = PBXFileReference; lastKnownFileType = sourcecode.c.h; path = ViewController.h; sourceTree = "<group>"; };
		A6F566341B7E339B000EBCB3 /* ViewController.m */ = {isa = PBXFileReference; lastKnownFileType = sourcecode.c.objc; path = ViewController.m; sourceTree = "<group>"; };
		A6F566371B7E339B000EBCB3 /* Base */ = {isa = PBXFileReference; lastKnownFileType = file.storyboard; name = Base; path = Base.lproj/Main.storyboard; sourceTree = "<group>"; };
		A6F566391B7E339B000EBCB3 /* Images.xcassets */ = {isa = PBXFileReference; lastKnownFileType = folder.assetcatalog; path = Images.xcassets; sourceTree = "<group>"; };
		A6F5663C1B7E339B000EBCB3 /* Base */ = {isa = PBXFileReference; lastKnownFileType = file.xib; name = Base; path = Base.lproj/LaunchScreen.xib; sourceTree = "<group>"; };
		A6F566421B7E339B000EBCB3 /* HelloXcodeTests.xctest */ = {isa = PBXFileReference; explicitFileType = wrapper.cfbundle; includeInIndex = 0; path = HelloXcodeTests.xctest; sourceTree = BUILT_PRODUCTS_DIR; };
		A6F566471B7E339B000EBCB3 /* Info.plist */ = {isa = PBXFileReference; lastKnownFileType = text.plist.xml; path = Info.plist; sourceTree = "<group>"; };
		A6F566481B7E339B000EBCB3 /* HelloXcodeTests.m */ = {isa = PBXFileReference; lastKnownFileType = sourcecode.c.objc; path = HelloXcodeTests.m; sourceTree = "<group>"; };
		A6F566531B7E3598000EBCB3 /* Circle.h */ = {isa = PBXFileReference; fileEncoding = 4; lastKnownFileType = sourcecode.c.h; path = Circle.h; sourceTree = "<group>"; };
		A6F566541B7E3598000EBCB3 /* Circle.m */ = {isa = PBXFileReference; fileEncoding = 4; lastKnownFileType = sourcecode.c.objc; path = Circle.m; sourceTree = "<group>"; };
/* End PBXFileReference section */

/* Begin PBXFrameworksBuildPhase section */
		A6F566231B7E339B000EBCB3 /* Frameworks */ = {
			isa = PBXFrameworksBuildPhase;
			buildActionMask = 2147483647;
			files = (
			);
			runOnlyForDeploymentPostprocessing = 0;
		};
		A6F5663F1B7E339B000EBCB3 /* Frameworks */ = {
			isa = PBXFrameworksBuildPhase;
			buildActionMask = 2147483647;
			files = (
			);
			runOnlyForDeploymentPostprocessing = 0;
		};
/* End PBXFrameworksBuildPhase section */

/* Begin PBXGroup section */
		A6E698331B8366DB003FE27B /* Controller */ = {
			isa = PBXGroup;
			children = (
			);
			name = Controller;
			sourceTree = "<group>";
		};
		A6E698341B8372E0003FE27B /* View */ = {
			isa = PBXGroup;
			children = (
			);
			name = View;
			sourceTree = "<group>";
		};
		A6E698351B8372EB003FE27B /* Model */ = {
			isa = PBXGroup;
			children = (
			);
			name = Model;
			sourceTree = "<group>";
		};
		A6F5661D1B7E339B000EBCB3 = {
			isa = PBXGroup;
			children = (
				A6F566281B7E339B000EBCB3 /* HelloXcode */,
				A6F566451B7E339B000EBCB3 /* HelloXcodeTests */,
				A6F566271B7E339B000EBCB3 /* Products */,
			);
			sourceTree = "<group>";
		};
		A6F566271B7E339B000EBCB3 /* Products */ = {
			isa = PBXGroup;
			children = (
				A6F566261B7E339B000EBCB3 /* HelloXcode.app */,
				A6F566421B7E339B000EBCB3 /* HelloXcodeTests.xctest */,
			);
			name = Products;
			sourceTree = "<group>";
		};
		A6F566281B7E339B000EBCB3 /* HelloXcode */ = {
			isa = PBXGroup;
			children = (
				A6E698351B8372EB003FE27B /* Model */,
				A6E698341B8372E0003FE27B /* View */,
				A6E698331B8366DB003FE27B /* Controller */,
				A6F566521B7E355A000EBCB3 /* Source */,
				A6F566361B7E339B000EBCB3 /* Main.storyboard */,
				A6F566391B7E339B000EBCB3 /* Images.xcassets */,
				A6F5663B1B7E339B000EBCB3 /* LaunchScreen.xib */,
				A6F566301B7E339B000EBCB3 /* HelloXcode.xcdatamodeld */,
				A6F566291B7E339B000EBCB3 /* Supporting Files */,
			);
			path = HelloXcode;
			sourceTree = "<group>";
		};
		A6F566291B7E339B000EBCB3 /* Supporting Files */ = {
			isa = PBXGroup;
			children = (
				A6F5662A1B7E339B000EBCB3 /* Info.plist */,
				A6F5662B1B7E339B000EBCB3 /* main.m */,
			);
			name = "Supporting Files";
			sourceTree = "<group>";
		};
		A6F566451B7E339B000EBCB3 /* HelloXcodeTests */ = {
			isa = PBXGroup;
			children = (
				A6F566481B7E339B000EBCB3 /* HelloXcodeTests.m */,
				A6F566461B7E339B000EBCB3 /* Supporting Files */,
				A6E698311B822E39003FE27B /* TestCase.m */,
			);
			path = HelloXcodeTests;
			sourceTree = "<group>";
		};
		A6F566461B7E339B000EBCB3 /* Supporting Files */ = {
			isa = PBXGroup;
			children = (
				A6F566471B7E339B000EBCB3 /* Info.plist */,
			);
			name = "Supporting Files";
			sourceTree = "<group>";
		};
		A6F566521B7E355A000EBCB3 /* Source */ = {
			isa = PBXGroup;
			children = (
				A6F566341B7E339B000EBCB3 /* ViewController.m */,
				A6F566331B7E339B000EBCB3 /* ViewController.h */,
				A6F5662E1B7E339B000EBCB3 /* AppDelegate.m */,
				A6F5662D1B7E339B000EBCB3 /* AppDelegate.h */,
				A6F566531B7E3598000EBCB3 /* Circle.h */,
				A6F566541B7E3598000EBCB3 /* Circle.m */,
				A6E6982C1B822BEC003FE27B /* Test.h */,
				A6E6982D1B822BEC003FE27B /* Test.m */,
				A6E698361B837AC3003FE27B /* DemoViewController.h */,
				A6E698371B837AC3003FE27B /* DemoViewController.m */,
			);
			name = Source;
			sourceTree = "<group>";
		};
/* End PBXGroup section */

/* Begin PBXNativeTarget section */
		A6F566251B7E339B000EBCB3 /* HelloXcode */ = {
			isa = PBXNativeTarget;
			buildConfigurationList = A6F5664C1B7E339B000EBCB3 /* Build configuration list for PBXNativeTarget "HelloXcode" */;
			buildPhases = (
				A6F566221B7E339B000EBCB3 /* Sources */,
				A6F566231B7E339B000EBCB3 /* Frameworks */,
				A6F566241B7E339B000EBCB3 /* Resources */,
			);
			buildRules = (
			);
			dependencies = (
			);
			name = HelloXcode;
			productName = HelloXcode;
			productReference = A6F566261B7E339B000EBCB3 /* HelloXcode.app */;
			productType = "com.apple.product-type.application";
		};
		A6F566411B7E339B000EBCB3 /* HelloXcodeTests */ = {
			isa = PBXNativeTarget;
			buildConfigurationList = A6F5664F1B7E339B000EBCB3 /* Build configuration list for PBXNativeTarget "HelloXcodeTests" */;
			buildPhases = (
				A6F5663E1B7E339B000EBCB3 /* Sources */,
				A6F5663F1B7E339B000EBCB3 /* Frameworks */,
				A6F566401B7E339B000EBCB3 /* Resources */,
			);
			buildRules = (
			);
			dependencies = (
				A6F566441B7E339B000EBCB3 /* PBXTargetDependency */,
			);
			name = HelloXcodeTests;
			productName = HelloXcodeTests;
			productReference = A6F566421B7E339B000EBCB3 /* HelloXcodeTests.xctest */;
			productType = "com.apple.product-type.bundle.unit-test";
		};
/* End PBXNativeTarget section */

/* Begin PBXProject section */
		A6F5661E1B7E339B000EBCB3 /* Project object */ = {
			isa = PBXProject;
			attributes = {
				LastUpgradeCheck = 0630;
				ORGANIZATIONNAME = "曾小堤";
				TargetAttributes = {
					A6F566251B7E339B000EBCB3 = {
						CreatedOnToolsVersion = 6.3.1;
					};
					A6F566411B7E339B000EBCB3 = {
						CreatedOnToolsVersion = 6.3.1;
						TestTargetID = A6F566251B7E339B000EBCB3;
					};
				};
			};
			buildConfigurationList = A6F566211B7E339B000EBCB3 /* Build configuration list for PBXProject "HelloXcode" */;
			compatibilityVersion = "Xcode 3.2";
			developmentRegion = English;
			hasScannedForEncodings = 0;
			knownRegions = (
				en,
				Base,
			);
			mainGroup = A6F5661D1B7E339B000EBCB3;
			productRefGroup = A6F566271B7E339B000EBCB3 /* Products */;
			projectDirPath = "";
			projectRoot = "";
			targets = (
				A6F566251B7E339B000EBCB3 /* HelloXcode */,
				A6F566411B7E339B000EBCB3 /* HelloXcodeTests */,
			);
		};
/* End PBXProject section */

/* Begin PBXResourcesBuildPhase section */
		A6F566241B7E339B000EBCB3 /* Resources */ = {
			isa = PBXResourcesBuildPhase;
			buildActionMask = 2147483647;
			files = (
				A6F566381B7E339B000EBCB3 /* Main.storyboard in Resources */,
				A6F5663D1B7E339B000EBCB3 /* LaunchScreen.xib in Resources */,
				A6F5663A1B7E339B000EBCB3 /* Images.xcassets in Resources */,
			);
			runOnlyForDeploymentPostprocessing = 0;
		};
		A6F566401B7E339B000EBCB3 /* Resources */ = {
			isa = PBXResourcesBuildPhase;
			buildActionMask = 2147483647;
			files = (
			);
			runOnlyForDeploymentPostprocessing = 0;
		};
/* End PBXResourcesBuildPhase section */

/* Begin PBXSourcesBuildPhase section */
		A6F566221B7E339B000EBCB3 /* Sources */ = {
			isa = PBXSourcesBuildPhase;
			buildActionMask = 2147483647;
			files = (
				A6F5662F1B7E339B000EBCB3 /* AppDelegate.m in Sources */,
				A6F5662C1B7E339B000EBCB3 /* main.m in Sources */,
				A6F566551B7E3598000EBCB3 /* Circle.m in Sources */,
				A6E6982E1B822BEC003FE27B /* Test.m in Sources */,
				A6F566351B7E339B000EBCB3 /* ViewController.m in Sources */,
				A6E698381B837AC3003FE27B /* DemoViewController.m in Sources */,
				A6F566321B7E339B000EBCB3 /* HelloXcode.xcdatamodeld in Sources */,
			);
			runOnlyForDeploymentPostprocessing = 0;
		};
		A6F5663E1B7E339B000EBCB3 /* Sources */ = {
			isa = PBXSourcesBuildPhase;
			buildActionMask = 2147483647;
			files = (
				A6F566491B7E339B000EBCB3 /* HelloXcodeTests.m in Sources */,
				A6E698321B822E39003FE27B /* TestCase.m in Sources */,
			);
			runOnlyForDeploymentPostprocessing = 0;
		};
/* End PBXSourcesBuildPhase section */

/* Begin PBXTargetDependency section */
		A6F566441B7E339B000EBCB3 /* PBXTargetDependency */ = {
			isa = PBXTargetDependency;
			target = A6F566251B7E339B000EBCB3 /* HelloXcode */;
			targetProxy = A6F566431B7E339B000EBCB3 /* PBXContainerItemProxy */;
		};
/* End PBXTargetDependency section */

/* Begin PBXVariantGroup section */
		A6F566361B7E339B000EBCB3 /* Main.storyboard */ = {
			isa = PBXVariantGroup;
			children = (
				A6F566371B7E339B000EBCB3 /* Base */,
			);
			name = Main.storyboard;
			sourceTree = "<group>";
		};
		A6F5663B1B7E339B000EBCB3 /* LaunchScreen.xib */ = {
			isa = PBXVariantGroup;
			children = (
				A6F5663C1B7E339B000EBCB3 /* Base */,
			);
			name = LaunchScreen.xib;
			sourceTree = "<group>";
		};
/* End PBXVariantGroup section */

/* Begin XCBuildConfiguration section */
		A6F5664A1B7E339B000EBCB3 /* Debug */ = {
			isa = XCBuildConfiguration;
			buildSettings = {
				ALWAYS_SEARCH_USER_PATHS = NO;
				CLANG_CXX_LANGUAGE_STANDARD = "gnu++0x";
				CLANG_CXX_LIBRARY = "libc++";
				CLANG_ENABLE_MODULES = YES;
				CLANG_ENABLE_OBJC_ARC = YES;
				CLANG_WARN_BOOL_CONVERSION = YES;
				CLANG_WARN_CONSTANT_CONVERSION = YES;
				CLANG_WARN_DIRECT_OBJC_ISA_USAGE = YES_ERROR;
				CLANG_WARN_EMPTY_BODY = YES;
				CLANG_WARN_ENUM_CONVERSION = YES;
				CLANG_WARN_INT_CONVERSION = YES;
				CLANG_WARN_OBJC_ROOT_CLASS = YES_ERROR;
				CLANG_WARN_UNREACHABLE_CODE = YES;
				CLANG_WARN__DUPLICATE_METHOD_MATCH = YES;
				"CODE_SIGN_IDENTITY[sdk=iphoneos*]" = "iPhone Developer";
				COPY_PHASE_STRIP = NO;
				DEBUG_INFORMATION_FORMAT = "dwarf-with-dsym";
				ENABLE_STRICT_OBJC_MSGSEND = YES;
				GCC_C_LANGUAGE_STANDARD = gnu99;
				GCC_DYNAMIC_NO_PIC = NO;
				GCC_NO_COMMON_BLOCKS = YES;
				GCC_OPTIMIZATION_LEVEL = 0;
				GCC_PREPROCESSOR_DEFINITIONS = (
					"DEBUG=1",
					"$(inherited)",
				);
				GCC_SYMBOLS_PRIVATE_EXTERN = NO;
				GCC_WARN_64_TO_32_BIT_CONVERSION = YES;
				GCC_WARN_ABOUT_RETURN_TYPE = YES_ERROR;
				GCC_WARN_UNDECLARED_SELECTOR = YES;
				GCC_WARN_UNINITIALIZED_AUTOS = YES_AGGRESSIVE;
				GCC_WARN_UNUSED_FUNCTION = YES;
				GCC_WARN_UNUSED_VARIABLE = YES;
				IPHONEOS_DEPLOYMENT_TARGET = 8.3;
				MTL_ENABLE_DEBUG_INFO = YES;
				ONLY_ACTIVE_ARCH = YES;
				SDKROOT = iphoneos;
			};
			name = Debug;
		};
		A6F5664B1B7E339B000EBCB3 /* Release */ = {
			isa = XCBuildConfiguration;
			buildSettings = {
				ALWAYS_SEARCH_USER_PATHS = NO;
				CLANG_CXX_LANGUAGE_STANDARD = "gnu++0x";
				CLANG_CXX_LIBRARY = "libc++";
				CLANG_ENABLE_MODULES = YES;
				CLANG_ENABLE_OBJC_ARC = YES;
				CLANG_WARN_BOOL_CONVERSION = YES;
				CLANG_WARN_CONSTANT_CONVERSION = YES;
				CLANG_WARN_DIRECT_OBJC_ISA_USAGE = YES_ERROR;
				CLANG_WARN_EMPTY_BODY = YES;
				CLANG_WARN_ENUM_CONVERSION = YES;
				CLANG_WARN_INT_CONVERSION = YES;
				CLANG_WARN_OBJC_ROOT_CLASS = YES_ERROR;
				CLANG_WARN_UNREACHABLE_CODE = YES;
				CLANG_WARN__DUPLICATE_METHOD_MATCH = YES;
				"CODE_SIGN_IDENTITY[sdk=iphoneos*]" = "iPhone Developer";
				COPY_PHASE_STRIP = NO;
				DEBUG_INFORMATION_FORMAT = "dwarf-with-dsym";
				ENABLE_NS_ASSERTIONS = NO;
				ENABLE_STRICT_OBJC_MSGSEND = YES;
				GCC_C_LANGUAGE_STANDARD = gnu99;
				GCC_NO_COMMON_BLOCKS = YES;
				GCC_WARN_64_TO_32_BIT_CONVERSION = YES;
				GCC_WARN_ABOUT_RETURN_TYPE = YES_ERROR;
				GCC_WARN_UNDECLARED_SELECTOR = YES;
				GCC_WARN_UNINITIALIZED_AUTOS = YES_AGGRESSIVE;
				GCC_WARN_UNUSED_FUNCTION = YES;
				GCC_WARN_UNUSED_VARIABLE = YES;
				IPHONEOS_DEPLOYMENT_TARGET = 8.3;
				MTL_ENABLE_DEBUG_INFO = NO;
				SDKROOT = iphoneos;
				VALIDATE_PRODUCT = YES;
			};
			name = Release;
		};
		A6F5664D1B7E339B000EBCB3 /* Debug */ = {
			isa = XCBuildConfiguration;
			buildSettings = {
				ASSETCATALOG_COMPILER_APPICON_NAME = AppIcon;
				CLANG_ENABLE_OBJC_ARC = NO;
				INFOPLIST_FILE = HelloXcode/Info.plist;
				LD_RUNPATH_SEARCH_PATHS = "$(inherited) @executable_path/Frameworks";
				PRODUCT_NAME = "$(TARGET_NAME)";
			};
			name = Debug;
		};
		A6F5664E1B7E339B000EBCB3 /* Release */ = {
			isa = XCBuildConfiguration;
			buildSettings = {
				ASSETCATALOG_COMPILER_APPICON_NAME = AppIcon;
				CLANG_ENABLE_OBJC_ARC = NO;
				INFOPLIST_FILE = HelloXcode/Info.plist;
				LD_RUNPATH_SEARCH_PATHS = "$(inherited) @executable_path/Frameworks";
				PRODUCT_NAME = "$(TARGET_NAME)";
			};
			name = Release;
		};
		A6F566501B7E339B000EBCB3 /* Debug */ = {
			isa = XCBuildConfiguration;
			buildSettings = {
				BUNDLE_LOADER = "$(TEST_HOST)";
				FRAMEWORK_SEARCH_PATHS = (
					"$(SDKROOT)/Developer/Library/Frameworks",
					"$(inherited)",
				);
				GCC_PREPROCESSOR_DEFINITIONS = (
					"DEBUG=1",
					"$(inherited)",
				);
				INFOPLIST_FILE = HelloXcodeTests/Info.plist;
				LD_RUNPATH_SEARCH_PATHS = "$(inherited) @executable_path/Frameworks @loader_path/Frameworks";
				PRODUCT_NAME = "$(TARGET_NAME)";
				TEST_HOST = "$(BUILT_PRODUCTS_DIR)/HelloXcode.app/HelloXcode";
			};
			name = Debug;
		};
		A6F566511B7E339B000EBCB3 /* Release */ = {
			isa = XCBuildConfiguration;
			buildSettings = {
				BUNDLE_LOADER = "$(TEST_HOST)";
				FRAMEWORK_SEARCH_PATHS = (
					"$(SDKROOT)/Developer/Library/Frameworks",
					"$(inherited)",
				);
				INFOPLIST_FILE = HelloXcodeTests/Info.plist;
				LD_RUNPATH_SEARCH_PATHS = "$(inherited) @executable_path/Frameworks @loader_path/Frameworks";
				PRODUCT_NAME = "$(TARGET_NAME)";
				TEST_HOST = "$(BUILT_PRODUCTS_DIR)/HelloXcode.app/HelloXcode";
			};
			name = Release;
		};
/* End XCBuildConfiguration section */

/* Begin XCConfigurationList section */
		A6F566211B7E339B000EBCB3 /* Build configuration list for PBXProject "HelloXcode" */ = {
			isa = XCConfigurationList;
			buildConfigurations = (
				A6F5664A1B7E339B000EBCB3 /* Debug */,
				A6F5664B1B7E339B000EBCB3 /* Release */,
			);
			defaultConfigurationIsVisible = 0;
			defaultConfigurationName = Release;
		};
		A6F5664C1B7E339B000EBCB3 /* Build configuration list for PBXNativeTarget "HelloXcode" */ = {
			isa = XCConfigurationList;
			buildConfigurations = (
				A6F5664D1B7E339B000EBCB3 /* Debug */,
				A6F5664E1B7E339B000EBCB3 /* Release */,
			);
			defaultConfigurationIsVisible = 0;
			defaultConfigurationName = Release;
		};
		A6F5664F1B7E339B000EBCB3 /* Build configuration list for PBXNativeTarget "HelloXcodeTests" */ = {
			isa = XCConfigurationList;
			buildConfigurations = (
				A6F566501B7E339B000EBCB3 /* Debug */,
				A6F566511B7E339B000EBCB3 /* Release */,
			);
			defaultConfigurationIsVisible = 0;
			defaultConfigurationName = Release;
		};
/* End XCConfigurationList section */

/* Begin XCVersionGroup section */
		A6F566301B7E339B000EBCB3 /* HelloXcode.xcdatamodeld */ = {
			isa = XCVersionGroup;
			children = (
				A6F566311B7E339B000EBCB3 /* HelloXcode.xcdatamodel */,
			);
			currentVersion = A6F566311B7E339B000EBCB3 /* HelloXcode.xcdatamodel */;
			path = HelloXcode.xcdatamodeld;
			sourceTree = "<group>";
			versionGroupType = wrapper.xcdatamodel;
		};
/* End XCVersionGroup section */
	};
	rootObject = A6F5661E1B7E339B000EBCB3 /* Project object */;
}
